
Microsoft Visual Studio Solution File, Format Version 12.00
# Visual Studio Version 16
VisualStudioVersion = 16.0.30413.136
MinimumVisualStudioVersion = 10.0.40219.1
Project("{9A19103F-16F7-4668-BE54-9A1E7A4F7556}") = "AppVehicles", "AppVehicles\AppVehicles.csproj", "{1755BA93-3DFA-44BD-86FE-1DAA56FB3735}"
EndProject
Project("{9A19103F-16F7-4668-BE54-9A1E7A4F7556}") = "DAL", "DAL\DAL.csproj", "{77F94C48-8809-4B65-80A3-6DA7864EE056}"
EndProject
Project("{9A19103F-16F7-4668-BE54-9A1E7A4F7556}") = "BusinessEntities", "BusinessEntities\BusinessEntities.csproj", "{CFB4596F-73CB-44A4-BF0A-749D7A47B5C4}"
EndProject
Global
	GlobalSection(SolutionConfigurationPlatforms) = preSolution
		Debug|Any CPU = Debug|Any CPU
		Release|Any CPU = Release|Any CPU
	EndGlobalSection
	GlobalSection(ProjectConfigurationPlatforms) = postSolution
		{1755BA93-3DFA-44BD-86FE-1DAA56FB3735}.Debug|Any CPU.ActiveCfg = Debug|Any CPU
		{1755BA93-3DFA-44BD-86FE-1DAA56FB3735}.Debug|Any CPU.Build.0 = Debug|Any CPU
		{1755BA93-3DFA-44BD-86FE-1DAA56FB3735}.Release|Any CPU.ActiveCfg = Release|Any CPU
		{1755BA93-3DFA-44BD-86FE-1DAA56FB3735}.Release|Any CPU.Build.0 = Release|Any CPU
		{77F94C48-8809-4B65-80A3-6DA7864EE056}.Debug|Any CPU.ActiveCfg = Debug|Any CPU
		{77F94C48-8809-4B65-80A3-6DA7864EE056}.Debug|Any CPU.Build.0 = Debug|Any CPU
		{77F94C48-8809-4B65-80A3-6DA7864EE056}.Release|Any CPU.ActiveCfg = Release|Any CPU
		{77F94C48-8809-4B65-80A3-6DA7864EE056}.Release|Any CPU.Build.0 = Release|Any CPU
		{CFB4596F-73CB-44A4-BF0A-749D7A47B5C4}.Debug|Any CPU.ActiveCfg = Debug|Any CPU
		{CFB4596F-73CB-44A4-BF0A-749D7A47B5C4}.Debug|Any CPU.Build.0 = Debug|Any CPU
		{CFB4596F-73CB-44A4-BF0A-749D7A47B5C4}.Release|Any CPU.ActiveCfg = Release|Any CPU
		{CFB4596F-73CB-44A4-BF0A-749D7A47B5C4}.Release|Any CPU.Build.0 = Release|Any CPU
	EndGlobalSection
	GlobalSection(SolutionProperties) = preSolution
		HideSolutionNode = FALSE
	EndGlobalSection
	GlobalSection(ExtensibilityGlobals) = postSolution
		SolutionGuid = {C665780E-BF0F-46C5-980B-E96303BE5A7B}
	EndGlobalSection
EndGlobal
